
Microsoft Visual Studio Solution File, Format Version 12.00
# Visual Studio Version 17
VisualStudioVersion = 17.1.32228.430
MinimumVisualStudioVersion = 10.0.40219.1
Project("{9A19103F-16F7-4668-BE54-9A1E7A4F7556}") = "WinFormsApp", "WinFormsApp\WinFormsApp.csproj", "{7BC167E4-3A63-4F85-A2F5-55246169E333}"
EndProject
Project("{9A19103F-16F7-4668-BE54-9A1E7A4F7556}") = "Utility", "DataLayer\Utility.csproj", "{82895F37-CF31-4EA2-9EAA-F0BC1C523E0E}"
EndProject
Global
	GlobalSection(SolutionConfigurationPlatforms) = preSolution
		Debug|Any CPU = Debug|Any CPU
		Release|Any CPU = Release|Any CPU
	EndGlobalSection
	GlobalSection(ProjectConfigurationPlatforms) = postSolution
		{7BC167E4-3A63-4F85-A2F5-55246169E333}.Debug|Any CPU.ActiveCfg = Debug|Any CPU
		{7BC167E4-3A63-4F85-A2F5-55246169E333}.Debug|Any CPU.Build.0 = Debug|Any CPU
		{7BC167E4-3A63-4F85-A2F5-55246169E333}.Release|Any CPU.ActiveCfg = Release|Any CPU
		{7BC167E4-3A63-4F85-A2F5-55246169E333}.Release|Any CPU.Build.0 = Release|Any CPU
		{82895F37-CF31-4EA2-9EAA-F0BC1C523E0E}.Debug|Any CPU.ActiveCfg = Debug|Any CPU
		{82895F37-CF31-4EA2-9EAA-F0BC1C523E0E}.Debug|Any CPU.Build.0 = Debug|Any CPU
		{82895F37-CF31-4EA2-9EAA-F0BC1C523E0E}.Release|Any CPU.ActiveCfg = Release|Any CPU
		{82895F37-CF31-4EA2-9EAA-F0BC1C523E0E}.Release|Any CPU.Build.0 = Release|Any CPU
	EndGlobalSection
	GlobalSection(SolutionProperties) = preSolution
		HideSolutionNode = FALSE
	EndGlobalSection
	GlobalSection(ExtensibilityGlobals) = postSolution
		SolutionGuid = {E693E433-0EAB-403E-B05E-7088A1BA132A}
	EndGlobalSection
EndGlobal
